
Microsoft Visual Studio Solution File, Format Version 12.00
# Visual Studio Version 17
VisualStudioVersion = 17.5.002.0
MinimumVisualStudioVersion = 10.0.40219.1
Project("{2150E333-8FDC-42A3-9474-1A3956D46DE8}") = "src", "src", "{1720FD40-533F-4FA7-B43A-19C89F7D48AA}"
EndProject
Project("{9A19103F-16F7-4668-BE54-9A1E7A4F7556}") = "Cut", "src\Cut\Cut.csproj", "{82E59767-048D-4A31-BA69-AF4F2462C7FA}"
EndProject
Project("{2150E333-8FDC-42A3-9474-1A3956D46DE8}") = "test", "test", "{A1437A47-BB94-49EC-BD3A-CDDFCCC7994A}"
EndProject
Project("{9A19103F-16F7-4668-BE54-9A1E7A4F7556}") = "Cut.Test", "test\Cut.Test\Cut.Test.csproj", "{72195B56-AABD-4F24-A636-F07259DEB9B9}"
EndProject
Global
	GlobalSection(SolutionConfigurationPlatforms) = preSolution
		Debug|Any CPU = Debug|Any CPU
		Release|Any CPU = Release|Any CPU
	EndGlobalSection
	GlobalSection(ProjectConfigurationPlatforms) = postSolution
		{82E59767-048D-4A31-BA69-AF4F2462C7FA}.Debug|Any CPU.ActiveCfg = Debug|Any CPU
		{82E59767-048D-4A31-BA69-AF4F2462C7FA}.Debug|Any CPU.Build.0 = Debug|Any CPU
		{82E59767-048D-4A31-BA69-AF4F2462C7FA}.Release|Any CPU.ActiveCfg = Release|Any CPU
		{82E59767-048D-4A31-BA69-AF4F2462C7FA}.Release|Any CPU.Build.0 = Release|Any CPU
		{72195B56-AABD-4F24-A636-F07259DEB9B9}.Debug|Any CPU.ActiveCfg = Debug|Any CPU
		{72195B56-AABD-4F24-A636-F07259DEB9B9}.Debug|Any CPU.Build.0 = Debug|Any CPU
		{72195B56-AABD-4F24-A636-F07259DEB9B9}.Release|Any CPU.ActiveCfg = Release|Any CPU
		{72195B56-AABD-4F24-A636-F07259DEB9B9}.Release|Any CPU.Build.0 = Release|Any CPU
	EndGlobalSection
	GlobalSection(SolutionProperties) = preSolution
		HideSolutionNode = FALSE
	EndGlobalSection
	GlobalSection(NestedProjects) = preSolution
		{82E59767-048D-4A31-BA69-AF4F2462C7FA} = {1720FD40-533F-4FA7-B43A-19C89F7D48AA}
		{72195B56-AABD-4F24-A636-F07259DEB9B9} = {A1437A47-BB94-49EC-BD3A-CDDFCCC7994A}
	EndGlobalSection
	GlobalSection(ExtensibilityGlobals) = postSolution
		SolutionGuid = {EE42B89F-402E-4304-BC93-B6BFBFA5E8A5}
	EndGlobalSection
EndGlobal
